
Microsoft Visual Studio Solution File, Format Version 12.00
# Visual Studio Version 16
VisualStudioVersion = 16.0.29920.165
MinimumVisualStudioVersion = 10.0.40219.1
Project("{FAE04EC0-301F-11D3-BF4B-00C04F79EFBC}") = "treciaIrKetvirta", "treciaIrKetvirta\treciaIrKetvirta.csproj", "{1F92A06E-0286-4B80-80D3-62BF9AC8B852}"
EndProject
Global
	GlobalSection(SolutionConfigurationPlatforms) = preSolution
		Debug|Any CPU = Debug|Any CPU
		Release|Any CPU = Release|Any CPU
	EndGlobalSection
	GlobalSection(ProjectConfigurationPlatforms) = postSolution
		{1F92A06E-0286-4B80-80D3-62BF9AC8B852}.Debug|Any CPU.ActiveCfg = Debug|Any CPU
		{1F92A06E-0286-4B80-80D3-62BF9AC8B852}.Debug|Any CPU.Build.0 = Debug|Any CPU
		{1F92A06E-0286-4B80-80D3-62BF9AC8B852}.Release|Any CPU.ActiveCfg = Release|Any CPU
		{1F92A06E-0286-4B80-80D3-62BF9AC8B852}.Release|Any CPU.Build.0 = Release|Any CPU
	EndGlobalSection
	GlobalSection(SolutionProperties) = preSolution
		HideSolutionNode = FALSE
	EndGlobalSection
	GlobalSection(ExtensibilityGlobals) = postSolution
		SolutionGuid = {E383A1CB-83B6-4B79-9306-C88715B330E5}
	EndGlobalSection
EndGlobal
