
Microsoft Visual Studio Solution File, Format Version 12.00
# Visual Studio Version 16
VisualStudioVersion = 16.0.29920.165
MinimumVisualStudioVersion = 10.0.40219.1
Project("{FAE04EC0-301F-11D3-BF4B-00C04F79EFBC}") = "vardasPavarde", "vardasPavarde\vardasPavarde.csproj", "{980E9408-DE27-4492-A8EF-12A4693143E7}"
EndProject
Global
	GlobalSection(SolutionConfigurationPlatforms) = preSolution
		Debug|Any CPU = Debug|Any CPU
		Release|Any CPU = Release|Any CPU
	EndGlobalSection
	GlobalSection(ProjectConfigurationPlatforms) = postSolution
		{980E9408-DE27-4492-A8EF-12A4693143E7}.Debug|Any CPU.ActiveCfg = Debug|Any CPU
		{980E9408-DE27-4492-A8EF-12A4693143E7}.Debug|Any CPU.Build.0 = Debug|Any CPU
		{980E9408-DE27-4492-A8EF-12A4693143E7}.Release|Any CPU.ActiveCfg = Release|Any CPU
		{980E9408-DE27-4492-A8EF-12A4693143E7}.Release|Any CPU.Build.0 = Release|Any CPU
	EndGlobalSection
	GlobalSection(SolutionProperties) = preSolution
		HideSolutionNode = FALSE
	EndGlobalSection
	GlobalSection(ExtensibilityGlobals) = postSolution
		SolutionGuid = {C7197E39-4134-4827-97B1-FEE9C7C16A73}
	EndGlobalSection
EndGlobal
