
Microsoft Visual Studio Solution File, Format Version 12.00
# Visual Studio Version 16
VisualStudioVersion = 16.0.29920.165
MinimumVisualStudioVersion = 10.0.40219.1
Project("{FAE04EC0-301F-11D3-BF4B-00C04F79EFBC}") = "devintaIrDesimta", "devintaIrDesimta\devintaIrDesimta.csproj", "{1E805D97-28C8-45E2-A926-320D2085C994}"
EndProject
Global
	GlobalSection(SolutionConfigurationPlatforms) = preSolution
		Debug|Any CPU = Debug|Any CPU
		Release|Any CPU = Release|Any CPU
	EndGlobalSection
	GlobalSection(ProjectConfigurationPlatforms) = postSolution
		{1E805D97-28C8-45E2-A926-320D2085C994}.Debug|Any CPU.ActiveCfg = Debug|Any CPU
		{1E805D97-28C8-45E2-A926-320D2085C994}.Debug|Any CPU.Build.0 = Debug|Any CPU
		{1E805D97-28C8-45E2-A926-320D2085C994}.Release|Any CPU.ActiveCfg = Release|Any CPU
		{1E805D97-28C8-45E2-A926-320D2085C994}.Release|Any CPU.Build.0 = Release|Any CPU
	EndGlobalSection
	GlobalSection(SolutionProperties) = preSolution
		HideSolutionNode = FALSE
	EndGlobalSection
	GlobalSection(ExtensibilityGlobals) = postSolution
		SolutionGuid = {F9AC5A72-D2A7-4F60-A956-3138909BBCA7}
	EndGlobalSection
EndGlobal
