
Microsoft Visual Studio Solution File, Format Version 12.00
# Visual Studio Version 16
VisualStudioVersion = 16.0.29920.165
MinimumVisualStudioVersion = 10.0.40219.1
Project("{FAE04EC0-301F-11D3-BF4B-00C04F79EFBC}") = "nulisTrue", "nulisTrue\nulisTrue.csproj", "{F6352ADA-2CE9-4ED5-AD62-0ADD93763189}"
EndProject
Global
	GlobalSection(SolutionConfigurationPlatforms) = preSolution
		Debug|Any CPU = Debug|Any CPU
		Release|Any CPU = Release|Any CPU
	EndGlobalSection
	GlobalSection(ProjectConfigurationPlatforms) = postSolution
		{F6352ADA-2CE9-4ED5-AD62-0ADD93763189}.Debug|Any CPU.ActiveCfg = Debug|Any CPU
		{F6352ADA-2CE9-4ED5-AD62-0ADD93763189}.Debug|Any CPU.Build.0 = Debug|Any CPU
		{F6352ADA-2CE9-4ED5-AD62-0ADD93763189}.Release|Any CPU.ActiveCfg = Release|Any CPU
		{F6352ADA-2CE9-4ED5-AD62-0ADD93763189}.Release|Any CPU.Build.0 = Release|Any CPU
	EndGlobalSection
	GlobalSection(SolutionProperties) = preSolution
		HideSolutionNode = FALSE
	EndGlobalSection
	GlobalSection(ExtensibilityGlobals) = postSolution
		SolutionGuid = {926D56CD-F79B-4831-B673-7945716AD874}
	EndGlobalSection
EndGlobal
